
Microsoft Visual Studio Solution File, Format Version 12.00
# Visual Studio Version 17
VisualStudioVersion = 17.1.32407.343
MinimumVisualStudioVersion = 10.0.40219.1
Project("{8BC9CEB8-8B4A-11D0-8D11-00A0C91BC942}") = "SFPhysics", "SFPhysics\SFPhysics.vcxproj", "{5AAE9625-7731-4380-A52C-E43CE8D02F99}"
EndProject
Project("{8BC9CEB8-8B4A-11D0-8D11-00A0C91BC942}") = "GoogleTests", "GoogleTests\GoogleTests.vcxproj", "{9D4D0BBB-69DC-4163-8AD7-2B74A215931A}"
EndProject
Project("{8BC9CEB8-8B4A-11D0-8D11-00A0C91BC942}") = "MSTests", "MSTests\MSTests.vcxproj", "{B6C14ABD-EB9B-4891-B184-A3A09D07FBC9}"
EndProject
Global
	GlobalSection(SolutionConfigurationPlatforms) = preSolution
		Debug|x64 = Debug|x64
		Debug|x86 = Debug|x86
		Release|x64 = Release|x64
		Release|x86 = Release|x86
	EndGlobalSection
	GlobalSection(ProjectConfigurationPlatforms) = postSolution
		{5AAE9625-7731-4380-A52C-E43CE8D02F99}.Debug|x64.ActiveCfg = Debug|x64
		{5AAE9625-7731-4380-A52C-E43CE8D02F99}.Debug|x64.Build.0 = Debug|x64
		{5AAE9625-7731-4380-A52C-E43CE8D02F99}.Debug|x86.ActiveCfg = Debug|Win32
		{5AAE9625-7731-4380-A52C-E43CE8D02F99}.Debug|x86.Build.0 = Debug|Win32
		{5AAE9625-7731-4380-A52C-E43CE8D02F99}.Release|x64.ActiveCfg = Release|x64
		{5AAE9625-7731-4380-A52C-E43CE8D02F99}.Release|x64.Build.0 = Release|x64
		{5AAE9625-7731-4380-A52C-E43CE8D02F99}.Release|x86.ActiveCfg = Release|Win32
		{5AAE9625-7731-4380-A52C-E43CE8D02F99}.Release|x86.Build.0 = Release|Win32
		{9D4D0BBB-69DC-4163-8AD7-2B74A215931A}.Debug|x64.ActiveCfg = Debug|x64
		{9D4D0BBB-69DC-4163-8AD7-2B74A215931A}.Debug|x64.Build.0 = Debug|x64
		{9D4D0BBB-69DC-4163-8AD7-2B74A215931A}.Debug|x86.ActiveCfg = Debug|Win32
		{9D4D0BBB-69DC-4163-8AD7-2B74A215931A}.Debug|x86.Build.0 = Debug|Win32
		{9D4D0BBB-69DC-4163-8AD7-2B74A215931A}.Release|x64.ActiveCfg = Release|x64
		{9D4D0BBB-69DC-4163-8AD7-2B74A215931A}.Release|x64.Build.0 = Release|x64
		{9D4D0BBB-69DC-4163-8AD7-2B74A215931A}.Release|x86.ActiveCfg = Release|Win32
		{9D4D0BBB-69DC-4163-8AD7-2B74A215931A}.Release|x86.Build.0 = Release|Win32
		{B6C14ABD-EB9B-4891-B184-A3A09D07FBC9}.Debug|x64.ActiveCfg = Debug|x64
		{B6C14ABD-EB9B-4891-B184-A3A09D07FBC9}.Debug|x64.Build.0 = Debug|x64
		{B6C14ABD-EB9B-4891-B184-A3A09D07FBC9}.Debug|x86.ActiveCfg = Debug|Win32
		{B6C14ABD-EB9B-4891-B184-A3A09D07FBC9}.Debug|x86.Build.0 = Debug|Win32
		{B6C14ABD-EB9B-4891-B184-A3A09D07FBC9}.Release|x64.ActiveCfg = Release|x64
		{B6C14ABD-EB9B-4891-B184-A3A09D07FBC9}.Release|x64.Build.0 = Release|x64
		{B6C14ABD-EB9B-4891-B184-A3A09D07FBC9}.Release|x86.ActiveCfg = Release|Win32
		{B6C14ABD-EB9B-4891-B184-A3A09D07FBC9}.Release|x86.Build.0 = Release|Win32
	EndGlobalSection
	GlobalSection(SolutionProperties) = preSolution
		HideSolutionNode = FALSE
	EndGlobalSection
	GlobalSection(ExtensibilityGlobals) = postSolution
		SolutionGuid = {668BCD2C-4A7B-4947-9568-3C52B2A255F2}
	EndGlobalSection
EndGlobal
